// !$*UTF8*$!
{
	archiveVersion = 1;
	classes = {
	};
	objectVersion = 56;
	objects = {

/* Begin PBXBuildFile section */
		0D97388F2BD5448500E84F5F /* SwiftUIAdvancedApp.swift in Sources */ = {isa = PBXBuildFile; fileRef = 0D97388E2BD5448500E84F5F /* SwiftUIAdvancedApp.swift */; };
		0D9738932BD5448700E84F5F /* Assets.xcassets in Resources */ = {isa = PBXBuildFile; fileRef = 0D9738922BD5448700E84F5F /* Assets.xcassets */; };
		0D9738962BD5448700E84F5F /* Preview Assets.xcassets in Resources */ = {isa = PBXBuildFile; fileRef = 0D9738952BD5448700E84F5F /* Preview Assets.xcassets */; };
		0D97389F2BD5452100E84F5F /* ViewModifierBootcamp.swift in Sources */ = {isa = PBXBuildFile; fileRef = 0D97389E2BD5452100E84F5F /* ViewModifierBootcamp.swift */; };
		0D9738A12BD54B7D00E84F5F /* ButtonStyle.swift in Sources */ = {isa = PBXBuildFile; fileRef = 0D9738A02BD54B7D00E84F5F /* ButtonStyle.swift */; };
		0D9738A32BD5645E00E84F5F /* AnyTransitionBootcamp.swift in Sources */ = {isa = PBXBuildFile; fileRef = 0D9738A22BD5645E00E84F5F /* AnyTransitionBootcamp.swift */; };
		0D9738A52BD7035900E84F5F /* MatchedGeometryEffect.swift in Sources */ = {isa = PBXBuildFile; fileRef = 0D9738A42BD7035900E84F5F /* MatchedGeometryEffect.swift */; };
		0D9738A72BDC3EF800E84F5F /* CustomShapesBootcamp.swift in Sources */ = {isa = PBXBuildFile; fileRef = 0D9738A62BDC3EF800E84F5F /* CustomShapesBootcamp.swift */; };
		0D9738A92BDC487200E84F5F /* CustomCurves.swift in Sources */ = {isa = PBXBuildFile; fileRef = 0D9738A82BDC487200E84F5F /* CustomCurves.swift */; };
		0D9738AB2BDD8EA300E84F5F /* AnimatableDataBootcamp.swift in Sources */ = {isa = PBXBuildFile; fileRef = 0D9738AA2BDD8EA300E84F5F /* AnimatableDataBootcamp.swift */; };
		0DE9C6D72BDE85C600DF99B0 /* GenericsBootcamp.swift in Sources */ = {isa = PBXBuildFile; fileRef = 0DE9C6D62BDE85C600DF99B0 /* GenericsBootcamp.swift */; };
		0DE9C6D92BDE8FE100DF99B0 /* ViewBuilderBootcamp.swift in Sources */ = {isa = PBXBuildFile; fileRef = 0DE9C6D82BDE8FE100DF99B0 /* ViewBuilderBootcamp.swift */; };
		0DE9C6DB2BDEEA9300DF99B0 /* PreferenceKeyBootcamp.swift in Sources */ = {isa = PBXBuildFile; fileRef = 0DE9C6DA2BDEEA9300DF99B0 /* PreferenceKeyBootcamp.swift */; };
		0DE9C6DE2BE009DA00DF99B0 /* GeometryPreferenceKey.swift in Sources */ = {isa = PBXBuildFile; fileRef = 0DE9C6DD2BE009DA00DF99B0 /* GeometryPreferenceKey.swift */; };
		0DE9C6E02BE0103F00DF99B0 /* AppTabBarView.swift in Sources */ = {isa = PBXBuildFile; fileRef = 0DE9C6DF2BE0103F00DF99B0 /* AppTabBarView.swift */; };
		0DE9C6E42BE011BE00DF99B0 /* CustomTabBarView.swift in Sources */ = {isa = PBXBuildFile; fileRef = 0DE9C6E32BE011BE00DF99B0 /* CustomTabBarView.swift */; };
		0DE9C6E62BE01ED400DF99B0 /* CustomTabBarContainerView.swift in Sources */ = {isa = PBXBuildFile; fileRef = 0DE9C6E52BE01ED400DF99B0 /* CustomTabBarContainerView.swift */; };
		0DE9C6E82BE0243F00DF99B0 /* TabBarItemsPreferenceKeys.swift in Sources */ = {isa = PBXBuildFile; fileRef = 0DE9C6E72BE0243F00DF99B0 /* TabBarItemsPreferenceKeys.swift */; };
		0DE9C6EA2BE17D0E00DF99B0 /* TabBarModel.swift in Sources */ = {isa = PBXBuildFile; fileRef = 0DE9C6E92BE17D0E00DF99B0 /* TabBarModel.swift */; };
/* End PBXBuildFile section */

/* Begin PBXFileReference section */
		0D97388B2BD5448500E84F5F /* SwiftUIAdvanced.app */ = {isa = PBXFileReference; explicitFileType = wrapper.application; includeInIndex = 0; path = SwiftUIAdvanced.app; sourceTree = BUILT_PRODUCTS_DIR; };
		0D97388E2BD5448500E84F5F /* SwiftUIAdvancedApp.swift */ = {isa = PBXFileReference; lastKnownFileType = sourcecode.swift; path = SwiftUIAdvancedApp.swift; sourceTree = "<group>"; };
		0D9738922BD5448700E84F5F /* Assets.xcassets */ = {isa = PBXFileReference; lastKnownFileType = folder.assetcatalog; path = Assets.xcassets; sourceTree = "<group>"; };
		0D9738952BD5448700E84F5F /* Preview Assets.xcassets */ = {isa = PBXFileReference; lastKnownFileType = folder.assetcatalog; path = "Preview Assets.xcassets"; sourceTree = "<group>"; };
		0D97389E2BD5452100E84F5F /* ViewModifierBootcamp.swift */ = {isa = PBXFileReference; lastKnownFileType = sourcecode.swift; path = ViewModifierBootcamp.swift; sourceTree = "<group>"; };
		0D9738A02BD54B7D00E84F5F /* ButtonStyle.swift */ = {isa = PBXFileReference; lastKnownFileType = sourcecode.swift; path = ButtonStyle.swift; sourceTree = "<group>"; };
		0D9738A22BD5645E00E84F5F /* AnyTransitionBootcamp.swift */ = {isa = PBXFileReference; lastKnownFileType = sourcecode.swift; path = AnyTransitionBootcamp.swift; sourceTree = "<group>"; };
		0D9738A42BD7035900E84F5F /* MatchedGeometryEffect.swift */ = {isa = PBXFileReference; lastKnownFileType = sourcecode.swift; path = MatchedGeometryEffect.swift; sourceTree = "<group>"; };
		0D9738A62BDC3EF800E84F5F /* CustomShapesBootcamp.swift */ = {isa = PBXFileReference; lastKnownFileType = sourcecode.swift; path = CustomShapesBootcamp.swift; sourceTree = "<group>"; };
		0D9738A82BDC487200E84F5F /* CustomCurves.swift */ = {isa = PBXFileReference; lastKnownFileType = sourcecode.swift; path = CustomCurves.swift; sourceTree = "<group>"; };
		0D9738AA2BDD8EA300E84F5F /* AnimatableDataBootcamp.swift */ = {isa = PBXFileReference; lastKnownFileType = sourcecode.swift; path = AnimatableDataBootcamp.swift; sourceTree = "<group>"; };
		0DE9C6D62BDE85C600DF99B0 /* GenericsBootcamp.swift */ = {isa = PBXFileReference; lastKnownFileType = sourcecode.swift; path = GenericsBootcamp.swift; sourceTree = "<group>"; };
		0DE9C6D82BDE8FE100DF99B0 /* ViewBuilderBootcamp.swift */ = {isa = PBXFileReference; lastKnownFileType = sourcecode.swift; path = ViewBuilderBootcamp.swift; sourceTree = "<group>"; };
		0DE9C6DA2BDEEA9300DF99B0 /* PreferenceKeyBootcamp.swift */ = {isa = PBXFileReference; lastKnownFileType = sourcecode.swift; path = PreferenceKeyBootcamp.swift; sourceTree = "<group>"; };
		0DE9C6DD2BE009DA00DF99B0 /* GeometryPreferenceKey.swift */ = {isa = PBXFileReference; lastKnownFileType = sourcecode.swift; path = GeometryPreferenceKey.swift; sourceTree = "<group>"; };
		0DE9C6DF2BE0103F00DF99B0 /* AppTabBarView.swift */ = {isa = PBXFileReference; lastKnownFileType = sourcecode.swift; path = AppTabBarView.swift; sourceTree = "<group>"; };
		0DE9C6E32BE011BE00DF99B0 /* CustomTabBarView.swift */ = {isa = PBXFileReference; lastKnownFileType = sourcecode.swift; path = CustomTabBarView.swift; sourceTree = "<group>"; };
		0DE9C6E52BE01ED400DF99B0 /* CustomTabBarContainerView.swift */ = {isa = PBXFileReference; lastKnownFileType = sourcecode.swift; path = CustomTabBarContainerView.swift; sourceTree = "<group>"; };
		0DE9C6E72BE0243F00DF99B0 /* TabBarItemsPreferenceKeys.swift */ = {isa = PBXFileReference; lastKnownFileType = sourcecode.swift; path = TabBarItemsPreferenceKeys.swift; sourceTree = "<group>"; };
		0DE9C6E92BE17D0E00DF99B0 /* TabBarModel.swift */ = {isa = PBXFileReference; lastKnownFileType = sourcecode.swift; path = TabBarModel.swift; sourceTree = "<group>"; };
/* End PBXFileReference section */

/* Begin PBXFrameworksBuildPhase section */
		0D9738882BD5448500E84F5F /* Frameworks */ = {
			isa = PBXFrameworksBuildPhase;
			buildActionMask = 2147483647;
			files = (
			);
			runOnlyForDeploymentPostprocessing = 0;
		};
/* End PBXFrameworksBuildPhase section */

/* Begin PBXGroup section */
		0D9738822BD5448500E84F5F = {
			isa = PBXGroup;
			children = (
				0D97388D2BD5448500E84F5F /* SwiftUIAdvanced */,
				0D97388C2BD5448500E84F5F /* Products */,
			);
			sourceTree = "<group>";
		};
		0D97388C2BD5448500E84F5F /* Products */ = {
			isa = PBXGroup;
			children = (
				0D97388B2BD5448500E84F5F /* SwiftUIAdvanced.app */,
			);
			name = Products;
			sourceTree = "<group>";
		};
		0D97388D2BD5448500E84F5F /* SwiftUIAdvanced */ = {
			isa = PBXGroup;
			children = (
				0D97388E2BD5448500E84F5F /* SwiftUIAdvancedApp.swift */,
				0D97389E2BD5452100E84F5F /* ViewModifierBootcamp.swift */,
				0D9738A02BD54B7D00E84F5F /* ButtonStyle.swift */,
				0D9738A22BD5645E00E84F5F /* AnyTransitionBootcamp.swift */,
				0D9738A42BD7035900E84F5F /* MatchedGeometryEffect.swift */,
				0D9738A62BDC3EF800E84F5F /* CustomShapesBootcamp.swift */,
				0D9738A82BDC487200E84F5F /* CustomCurves.swift */,
				0D9738AA2BDD8EA300E84F5F /* AnimatableDataBootcamp.swift */,
				0DE9C6D62BDE85C600DF99B0 /* GenericsBootcamp.swift */,
				0DE9C6D82BDE8FE100DF99B0 /* ViewBuilderBootcamp.swift */,
				0DE9C6DC2BE009BC00DF99B0 /* PreferenceKeyBootcamp */,
				0DE9C6E12BE0104900DF99B0 /* CustomTabBar */,
				0D9738922BD5448700E84F5F /* Assets.xcassets */,
				0D9738942BD5448700E84F5F /* Preview Content */,
			);
			path = SwiftUIAdvanced;
			sourceTree = "<group>";
		};
		0D9738942BD5448700E84F5F /* Preview Content */ = {
			isa = PBXGroup;
			children = (
				0D9738952BD5448700E84F5F /* Preview Assets.xcassets */,
			);
			path = "Preview Content";
			sourceTree = "<group>";
		};
		0DE9C6DC2BE009BC00DF99B0 /* PreferenceKeyBootcamp */ = {
			isa = PBXGroup;
			children = (
				0DE9C6DA2BDEEA9300DF99B0 /* PreferenceKeyBootcamp.swift */,
				0DE9C6DD2BE009DA00DF99B0 /* GeometryPreferenceKey.swift */,
			);
			path = PreferenceKeyBootcamp;
			sourceTree = "<group>";
		};
		0DE9C6E12BE0104900DF99B0 /* CustomTabBar */ = {
			isa = PBXGroup;
			children = (
				0DE9C6E92BE17D0E00DF99B0 /* TabBarModel.swift */,
				0DE9C6DF2BE0103F00DF99B0 /* AppTabBarView.swift */,
				0DE9C6E32BE011BE00DF99B0 /* CustomTabBarView.swift */,
				0DE9C6E52BE01ED400DF99B0 /* CustomTabBarContainerView.swift */,
				0DE9C6E72BE0243F00DF99B0 /* TabBarItemsPreferenceKeys.swift */,
			);
			path = CustomTabBar;
			sourceTree = "<group>";
		};
/* End PBXGroup section */

/* Begin PBXNativeTarget section */
		0D97388A2BD5448500E84F5F /* SwiftUIAdvanced */ = {
			isa = PBXNativeTarget;
			buildConfigurationList = 0D9738992BD5448700E84F5F /* Build configuration list for PBXNativeTarget "SwiftUIAdvanced" */;
			buildPhases = (
				0D9738872BD5448500E84F5F /* Sources */,
				0D9738882BD5448500E84F5F /* Frameworks */,
				0D9738892BD5448500E84F5F /* Resources */,
			);
			buildRules = (
			);
			dependencies = (
			);
			name = SwiftUIAdvanced;
			productName = SwiftUIAdvanced;
			productReference = 0D97388B2BD5448500E84F5F /* SwiftUIAdvanced.app */;
			productType = "com.apple.product-type.application";
		};
/* End PBXNativeTarget section */

/* Begin PBXProject section */
		0D9738832BD5448500E84F5F /* Project object */ = {
			isa = PBXProject;
			attributes = {
				BuildIndependentTargetsInParallel = 1;
				LastSwiftUpdateCheck = 1530;
				LastUpgradeCheck = 1530;
				TargetAttributes = {
					0D97388A2BD5448500E84F5F = {
						CreatedOnToolsVersion = 15.3;
					};
				};
			};
			buildConfigurationList = 0D9738862BD5448500E84F5F /* Build configuration list for PBXProject "SwiftUIAdvanced" */;
			compatibilityVersion = "Xcode 14.0";
			developmentRegion = en;
			hasScannedForEncodings = 0;
			knownRegions = (
				en,
				Base,
			);
			mainGroup = 0D9738822BD5448500E84F5F;
			productRefGroup = 0D97388C2BD5448500E84F5F /* Products */;
			projectDirPath = "";
			projectRoot = "";
			targets = (
				0D97388A2BD5448500E84F5F /* SwiftUIAdvanced */,
			);
		};
/* End PBXProject section */

/* Begin PBXResourcesBuildPhase section */
		0D9738892BD5448500E84F5F /* Resources */ = {
			isa = PBXResourcesBuildPhase;
			buildActionMask = 2147483647;
			files = (
				0D9738962BD5448700E84F5F /* Preview Assets.xcassets in Resources */,
				0D9738932BD5448700E84F5F /* Assets.xcassets in Resources */,
			);
			runOnlyForDeploymentPostprocessing = 0;
		};
/* End PBXResourcesBuildPhase section */

/* Begin PBXSourcesBuildPhase section */
		0D9738872BD5448500E84F5F /* Sources */ = {
			isa = PBXSourcesBuildPhase;
			buildActionMask = 2147483647;
			files = (
				0D9738A12BD54B7D00E84F5F /* ButtonStyle.swift in Sources */,
				0D97389F2BD5452100E84F5F /* ViewModifierBootcamp.swift in Sources */,
				0DE9C6E82BE0243F00DF99B0 /* TabBarItemsPreferenceKeys.swift in Sources */,
				0DE9C6DE2BE009DA00DF99B0 /* GeometryPreferenceKey.swift in Sources */,
				0DE9C6E02BE0103F00DF99B0 /* AppTabBarView.swift in Sources */,
				0DE9C6E62BE01ED400DF99B0 /* CustomTabBarContainerView.swift in Sources */,
				0D9738A32BD5645E00E84F5F /* AnyTransitionBootcamp.swift in Sources */,
				0D97388F2BD5448500E84F5F /* SwiftUIAdvancedApp.swift in Sources */,
				0D9738AB2BDD8EA300E84F5F /* AnimatableDataBootcamp.swift in Sources */,
				0DE9C6E42BE011BE00DF99B0 /* CustomTabBarView.swift in Sources */,
				0DE9C6EA2BE17D0E00DF99B0 /* TabBarModel.swift in Sources */,
				0DE9C6D92BDE8FE100DF99B0 /* ViewBuilderBootcamp.swift in Sources */,
				0DE9C6D72BDE85C600DF99B0 /* GenericsBootcamp.swift in Sources */,
				0D9738A52BD7035900E84F5F /* MatchedGeometryEffect.swift in Sources */,
				0D9738A72BDC3EF800E84F5F /* CustomShapesBootcamp.swift in Sources */,
				0DE9C6DB2BDEEA9300DF99B0 /* PreferenceKeyBootcamp.swift in Sources */,
				0D9738A92BDC487200E84F5F /* CustomCurves.swift in Sources */,
			);
			runOnlyForDeploymentPostprocessing = 0;
		};
/* End PBXSourcesBuildPhase section */

/* Begin XCBuildConfiguration section */
		0D9738972BD5448700E84F5F /* Debug */ = {
			isa = XCBuildConfiguration;
			buildSettings = {
				ALWAYS_SEARCH_USER_PATHS = NO;
				ASSETCATALOG_COMPILER_GENERATE_SWIFT_ASSET_SYMBOL_EXTENSIONS = YES;
				CLANG_ANALYZER_NONNULL = YES;
				CLANG_ANALYZER_NUMBER_OBJECT_CONVERSION = YES_AGGRESSIVE;
				CLANG_CXX_LANGUAGE_STANDARD = "gnu++20";
				CLANG_ENABLE_MODULES = YES;
				CLANG_ENABLE_OBJC_ARC = YES;
				CLANG_ENABLE_OBJC_WEAK = YES;
				CLANG_WARN_BLOCK_CAPTURE_AUTORELEASING = YES;
				CLANG_WARN_BOOL_CONVERSION = YES;
				CLANG_WARN_COMMA = YES;
				CLANG_WARN_CONSTANT_CONVERSION = YES;
				CLANG_WARN_DEPRECATED_OBJC_IMPLEMENTATIONS = YES;
				CLANG_WARN_DIRECT_OBJC_ISA_USAGE = YES_ERROR;
				CLANG_WARN_DOCUMENTATION_COMMENTS = YES;
				CLANG_WARN_EMPTY_BODY = YES;
				CLANG_WARN_ENUM_CONVERSION = YES;
				CLANG_WARN_INFINITE_RECURSION = YES;
				CLANG_WARN_INT_CONVERSION = YES;
				CLANG_WARN_NON_LITERAL_NULL_CONVERSION = YES;
				CLANG_WARN_OBJC_IMPLICIT_RETAIN_SELF = YES;
				CLANG_WARN_OBJC_LITERAL_CONVERSION = YES;
				CLANG_WARN_OBJC_ROOT_CLASS = YES_ERROR;
				CLANG_WARN_QUOTED_INCLUDE_IN_FRAMEWORK_HEADER = YES;
				CLANG_WARN_RANGE_LOOP_ANALYSIS = YES;
				CLANG_WARN_STRICT_PROTOTYPES = YES;
				CLANG_WARN_SUSPICIOUS_MOVE = YES;
				CLANG_WARN_UNGUARDED_AVAILABILITY = YES_AGGRESSIVE;
				CLANG_WARN_UNREACHABLE_CODE = YES;
				CLANG_WARN__DUPLICATE_METHOD_MATCH = YES;
				COPY_PHASE_STRIP = NO;
				DEBUG_INFORMATION_FORMAT = dwarf;
				ENABLE_STRICT_OBJC_MSGSEND = YES;
				ENABLE_TESTABILITY = YES;
				ENABLE_USER_SCRIPT_SANDBOXING = YES;
				GCC_C_LANGUAGE_STANDARD = gnu17;
				GCC_DYNAMIC_NO_PIC = NO;
				GCC_NO_COMMON_BLOCKS = YES;
				GCC_OPTIMIZATION_LEVEL = 0;
				GCC_PREPROCESSOR_DEFINITIONS = (
					"DEBUG=1",
					"$(inherited)",
				);
				GCC_WARN_64_TO_32_BIT_CONVERSION = YES;
				GCC_WARN_ABOUT_RETURN_TYPE = YES_ERROR;
				GCC_WARN_UNDECLARED_SELECTOR = YES;
				GCC_WARN_UNINITIALIZED_AUTOS = YES_AGGRESSIVE;
				GCC_WARN_UNUSED_FUNCTION = YES;
				GCC_WARN_UNUSED_VARIABLE = YES;
				IPHONEOS_DEPLOYMENT_TARGET = 17.4;
				LOCALIZATION_PREFERS_STRING_CATALOGS = YES;
				MTL_ENABLE_DEBUG_INFO = INCLUDE_SOURCE;
				MTL_FAST_MATH = YES;
				ONLY_ACTIVE_ARCH = YES;
				SDKROOT = iphoneos;
				SWIFT_ACTIVE_COMPILATION_CONDITIONS = "DEBUG $(inherited)";
				SWIFT_OPTIMIZATION_LEVEL = "-Onone";
			};
			name = Debug;
		};
		0D9738982BD5448700E84F5F /* Release */ = {
			isa = XCBuildConfiguration;
			buildSettings = {
				ALWAYS_SEARCH_USER_PATHS = NO;
				ASSETCATALOG_COMPILER_GENERATE_SWIFT_ASSET_SYMBOL_EXTENSIONS = YES;
				CLANG_ANALYZER_NONNULL = YES;
				CLANG_ANALYZER_NUMBER_OBJECT_CONVERSION = YES_AGGRESSIVE;
				CLANG_CXX_LANGUAGE_STANDARD = "gnu++20";
				CLANG_ENABLE_MODULES = YES;
				CLANG_ENABLE_OBJC_ARC = YES;
				CLANG_ENABLE_OBJC_WEAK = YES;
				CLANG_WARN_BLOCK_CAPTURE_AUTORELEASING = YES;
				CLANG_WARN_BOOL_CONVERSION = YES;
				CLANG_WARN_COMMA = YES;
				CLANG_WARN_CONSTANT_CONVERSION = YES;
				CLANG_WARN_DEPRECATED_OBJC_IMPLEMENTATIONS = YES;
				CLANG_WARN_DIRECT_OBJC_ISA_USAGE = YES_ERROR;
				CLANG_WARN_DOCUMENTATION_COMMENTS = YES;
				CLANG_WARN_EMPTY_BODY = YES;
				CLANG_WARN_ENUM_CONVERSION = YES;
				CLANG_WARN_INFINITE_RECURSION = YES;
				CLANG_WARN_INT_CONVERSION = YES;
				CLANG_WARN_NON_LITERAL_NULL_CONVERSION = YES;
				CLANG_WARN_OBJC_IMPLICIT_RETAIN_SELF = YES;
				CLANG_WARN_OBJC_LITERAL_CONVERSION = YES;
				CLANG_WARN_OBJC_ROOT_CLASS = YES_ERROR;
				CLANG_WARN_QUOTED_INCLUDE_IN_FRAMEWORK_HEADER = YES;
				CLANG_WARN_RANGE_LOOP_ANALYSIS = YES;
				CLANG_WARN_STRICT_PROTOTYPES = YES;
				CLANG_WARN_SUSPICIOUS_MOVE = YES;
				CLANG_WARN_UNGUARDED_AVAILABILITY = YES_AGGRESSIVE;
				CLANG_WARN_UNREACHABLE_CODE = YES;
				CLANG_WARN__DUPLICATE_METHOD_MATCH = YES;
				COPY_PHASE_STRIP = NO;
				DEBUG_INFORMATION_FORMAT = "dwarf-with-dsym";
				ENABLE_NS_ASSERTIONS = NO;
				ENABLE_STRICT_OBJC_MSGSEND = YES;
				ENABLE_USER_SCRIPT_SANDBOXING = YES;
				GCC_C_LANGUAGE_STANDARD = gnu17;
				GCC_NO_COMMON_BLOCKS = YES;
				GCC_WARN_64_TO_32_BIT_CONVERSION = YES;
				GCC_WARN_ABOUT_RETURN_TYPE = YES_ERROR;
				GCC_WARN_UNDECLARED_SELECTOR = YES;
				GCC_WARN_UNINITIALIZED_AUTOS = YES_AGGRESSIVE;
				GCC_WARN_UNUSED_FUNCTION = YES;
				GCC_WARN_UNUSED_VARIABLE = YES;
				IPHONEOS_DEPLOYMENT_TARGET = 17.4;
				LOCALIZATION_PREFERS_STRING_CATALOGS = YES;
				MTL_ENABLE_DEBUG_INFO = NO;
				MTL_FAST_MATH = YES;
				SDKROOT = iphoneos;
				SWIFT_COMPILATION_MODE = wholemodule;
				VALIDATE_PRODUCT = YES;
			};
			name = Release;
		};
		0D97389A2BD5448700E84F5F /* Debug */ = {
			isa = XCBuildConfiguration;
			buildSettings = {
				ASSETCATALOG_COMPILER_APPICON_NAME = AppIcon;
				ASSETCATALOG_COMPILER_GLOBAL_ACCENT_COLOR_NAME = AccentColor;
				CODE_SIGN_STYLE = Automatic;
				CURRENT_PROJECT_VERSION = 1;
				DEVELOPMENT_ASSET_PATHS = "\"SwiftUIAdvanced/Preview Content\"";
				DEVELOPMENT_TEAM = XF47SHGC5P;
				ENABLE_PREVIEWS = YES;
				GENERATE_INFOPLIST_FILE = YES;
				INFOPLIST_KEY_UIApplicationSceneManifest_Generation = YES;
				INFOPLIST_KEY_UIApplicationSupportsIndirectInputEvents = YES;
				INFOPLIST_KEY_UILaunchScreen_Generation = YES;
				INFOPLIST_KEY_UISupportedInterfaceOrientations_iPad = "UIInterfaceOrientationPortrait UIInterfaceOrientationPortraitUpsideDown UIInterfaceOrientationLandscapeLeft UIInterfaceOrientationLandscapeRight";
				INFOPLIST_KEY_UISupportedInterfaceOrientations_iPhone = "UIInterfaceOrientationPortrait UIInterfaceOrientationLandscapeLeft UIInterfaceOrientationLandscapeRight";
				LD_RUNPATH_SEARCH_PATHS = (
					"$(inherited)",
					"@executable_path/Frameworks",
				);
				MARKETING_VERSION = 1.0;
				PRODUCT_BUNDLE_IDENTIFIER = danikulikovskiy.com.SwiftUIAdvanced;
				PRODUCT_NAME = "$(TARGET_NAME)";
				SWIFT_EMIT_LOC_STRINGS = YES;
				SWIFT_VERSION = 5.0;
				TARGETED_DEVICE_FAMILY = "1,2";
			};
			name = Debug;
		};
		0D97389B2BD5448700E84F5F /* Release */ = {
			isa = XCBuildConfiguration;
			buildSettings = {
				ASSETCATALOG_COMPILER_APPICON_NAME = AppIcon;
				ASSETCATALOG_COMPILER_GLOBAL_ACCENT_COLOR_NAME = AccentColor;
				CODE_SIGN_STYLE = Automatic;
				CURRENT_PROJECT_VERSION = 1;
				DEVELOPMENT_ASSET_PATHS = "\"SwiftUIAdvanced/Preview Content\"";
				DEVELOPMENT_TEAM = XF47SHGC5P;
				ENABLE_PREVIEWS = YES;
				GENERATE_INFOPLIST_FILE = YES;
				INFOPLIST_KEY_UIApplicationSceneManifest_Generation = YES;
				INFOPLIST_KEY_UIApplicationSupportsIndirectInputEvents = YES;
				INFOPLIST_KEY_UILaunchScreen_Generation = YES;
				INFOPLIST_KEY_UISupportedInterfaceOrientations_iPad = "UIInterfaceOrientationPortrait UIInterfaceOrientationPortraitUpsideDown UIInterfaceOrientationLandscapeLeft UIInterfaceOrientationLandscapeRight";
				INFOPLIST_KEY_UISupportedInterfaceOrientations_iPhone = "UIInterfaceOrientationPortrait UIInterfaceOrientationLandscapeLeft UIInterfaceOrientationLandscapeRight";
				LD_RUNPATH_SEARCH_PATHS = (
					"$(inherited)",
					"@executable_path/Frameworks",
				);
				MARKETING_VERSION = 1.0;
				PRODUCT_BUNDLE_IDENTIFIER = danikulikovskiy.com.SwiftUIAdvanced;
				PRODUCT_NAME = "$(TARGET_NAME)";
				SWIFT_EMIT_LOC_STRINGS = YES;
				SWIFT_VERSION = 5.0;
				TARGETED_DEVICE_FAMILY = "1,2";
			};
			name = Release;
		};
/* End XCBuildConfiguration section */

/* Begin XCConfigurationList section */
		0D9738862BD5448500E84F5F /* Build configuration list for PBXProject "SwiftUIAdvanced" */ = {
			isa = XCConfigurationList;
			buildConfigurations = (
				0D9738972BD5448700E84F5F /* Debug */,
				0D9738982BD5448700E84F5F /* Release */,
			);
			defaultConfigurationIsVisible = 0;
			defaultConfigurationName = Release;
		};
		0D9738992BD5448700E84F5F /* Build configuration list for PBXNativeTarget "SwiftUIAdvanced" */ = {
			isa = XCConfigurationList;
			buildConfigurations = (
				0D97389A2BD5448700E84F5F /* Debug */,
				0D97389B2BD5448700E84F5F /* Release */,
			);
			defaultConfigurationIsVisible = 0;
			defaultConfigurationName = Release;
		};
/* End XCConfigurationList section */
	};
	rootObject = 0D9738832BD5448500E84F5F /* Project object */;
}
